
Microsoft Visual Studio Solution File, Format Version 12.00
# Visual Studio Version 17
VisualStudioVersion = 17.3.32825.248
MinimumVisualStudioVersion = 10.0.40219.1
Project("{FAE04EC0-301F-11D3-BF4B-00C04F79EFBC}") = "Lista2Ex7b", "Lista2Ex7b\Lista2Ex7b.csproj", "{AB74EA64-3CDE-4424-9C6A-EA1525C7BAE0}"
EndProject
Global
	GlobalSection(SolutionConfigurationPlatforms) = preSolution
		Debug|Any CPU = Debug|Any CPU
		Release|Any CPU = Release|Any CPU
	EndGlobalSection
	GlobalSection(ProjectConfigurationPlatforms) = postSolution
		{AB74EA64-3CDE-4424-9C6A-EA1525C7BAE0}.Debug|Any CPU.ActiveCfg = Debug|Any CPU
		{AB74EA64-3CDE-4424-9C6A-EA1525C7BAE0}.Debug|Any CPU.Build.0 = Debug|Any CPU
		{AB74EA64-3CDE-4424-9C6A-EA1525C7BAE0}.Release|Any CPU.ActiveCfg = Release|Any CPU
		{AB74EA64-3CDE-4424-9C6A-EA1525C7BAE0}.Release|Any CPU.Build.0 = Release|Any CPU
	EndGlobalSection
	GlobalSection(SolutionProperties) = preSolution
		HideSolutionNode = FALSE
	EndGlobalSection
	GlobalSection(ExtensibilityGlobals) = postSolution
		SolutionGuid = {7A53DB38-E896-44D6-816C-21E2D070D137}
	EndGlobalSection
EndGlobal
